[0m[1mmodule.Bastion.data.aws_iam_access_keys.Personal: Reading...[0m[0m
[0m[1mmodule.Bastion.data.aws_vpc.vpc: Reading...[0m[0m
[0m[1mmodule.Bastion.data.aws_ssm_parameter.ami: Reading...[0m[0m
[0m[1mmodule.Bastion.data.aws_subnet.PublicSub1: Reading...[0m[0m
[0m[1mmodule.Bastion.data.aws_ssm_parameter.ami: Read complete after 1s [id=image-ami][0m
[0m[1mmodule.Bastion.data.aws_subnet.PublicSub1: Read complete after 1s [id=subnet-039c57ccddabfe592][0m
[0m[1mmodule.Bastion.data.aws_iam_access_keys.Personal: Read complete after 1s [id=Trivelli.T][0m
[0m[1mmodule.Bastion.data.aws_vpc.vpc: Read complete after 1s [id=vpc-05b180292bd3a4e7f][0m

Terraform used the selected providers to generate the following execution
plan. Resource actions are indicated with the following symbols:
  [32m+[0m create[0m

Terraform will perform the following actions:

[1m  # module.Bastion.aws_instance.bastion[0m will be created
[0m  [32m+[0m[0m resource "aws_instance" "bastion" {
      [32m+[0m[0m ami                                  = (sensitive value)
      [32m+[0m[0m arn                                  = (known after apply)
      [32m+[0m[0m associate_public_ip_address          = (known after apply)
      [32m+[0m[0m availability_zone                    = (known after apply)
      [32m+[0m[0m cpu_core_count                       = (known after apply)
      [32m+[0m[0m cpu_threads_per_core                 = (known after apply)
      [32m+[0m[0m disable_api_stop                     = (known after apply)
      [32m+[0m[0m disable_api_termination              = (known after apply)
      [32m+[0m[0m ebs_optimized                        = (known after apply)
      [32m+[0m[0m enable_primary_ipv6                  = (known after apply)
      [32m+[0m[0m get_password_data                    = false
      [32m+[0m[0m host_id                              = (known after apply)
      [32m+[0m[0m host_resource_group_arn              = (known after apply)
      [32m+[0m[0m iam_instance_profile                 = (known after apply)
      [32m+[0m[0m id                                   = (known after apply)
      [32m+[0m[0m instance_initiated_shutdown_behavior = (known after apply)
      [32m+[0m[0m instance_lifecycle                   = (known after apply)
      [32m+[0m[0m instance_state                       = (known after apply)
      [32m+[0m[0m instance_type                        = "t3.micro"
      [32m+[0m[0m ipv6_address_count                   = (known after apply)
      [32m+[0m[0m ipv6_addresses                       = (known after apply)
      [32m+[0m[0m key_name                             = "Personal_Key"
      [32m+[0m[0m monitoring                           = (known after apply)
      [32m+[0m[0m outpost_arn                          = (known after apply)
      [32m+[0m[0m password_data                        = (known after apply)
      [32m+[0m[0m placement_group                      = (known after apply)
      [32m+[0m[0m placement_partition_number           = (known after apply)
      [32m+[0m[0m primary_network_interface_id         = (known after apply)
      [32m+[0m[0m private_dns                          = (known after apply)
      [32m+[0m[0m private_ip                           = (known after apply)
      [32m+[0m[0m public_dns                           = (known after apply)
      [32m+[0m[0m public_ip                            = (known after apply)
      [32m+[0m[0m secondary_private_ips                = (known after apply)
      [32m+[0m[0m security_groups                      = (known after apply)
      [32m+[0m[0m source_dest_check                    = true
      [32m+[0m[0m spot_instance_request_id             = (known after apply)
      [32m+[0m[0m subnet_id                            = "subnet-039c57ccddabfe592"
      [32m+[0m[0m tags                                 = {
          [32m+[0m[0m "Name" = "BastianHost"
        }
      [32m+[0m[0m tags_all                             = {
          [32m+[0m[0m "Name" = "BastianHost"
        }
      [32m+[0m[0m tenancy                              = (known after apply)
      [32m+[0m[0m user_data                            = (known after apply)
      [32m+[0m[0m user_data_base64                     = (known after apply)
      [32m+[0m[0m user_data_replace_on_change          = false
      [32m+[0m[0m vpc_security_group_ids               = (known after apply)

      [32m+[0m[0m capacity_reservation_specification (known after apply)

      [32m+[0m[0m cpu_options (known after apply)

      [32m+[0m[0m ebs_block_device (known after apply)

      [32m+[0m[0m enclave_options (known after apply)

      [32m+[0m[0m ephemeral_block_device (known after apply)

      [32m+[0m[0m instance_market_options (known after apply)

      [32m+[0m[0m maintenance_options (known after apply)

      [32m+[0m[0m metadata_options (known after apply)

      [32m+[0m[0m network_interface (known after apply)

      [32m+[0m[0m private_dns_name_options (known after apply)

      [32m+[0m[0m root_block_device (known after apply)
    }

[1m  # module.Bastion.aws_security_group.SG_bastion[0m will be created
[0m  [32m+[0m[0m resource "aws_security_group" "SG_bastion" {
      [32m+[0m[0m arn                    = (known after apply)
      [32m+[0m[0m description            = "Security Group Bastion Host"
      [32m+[0m[0m egress                 = (known after apply)
      [32m+[0m[0m id                     = (known after apply)
      [32m+[0m[0m ingress                = (known after apply)
      [32m+[0m[0m name                   = "Security Group Bastion Host"
      [32m+[0m[0m name_prefix            = (known after apply)
      [32m+[0m[0m owner_id               = (known after apply)
      [32m+[0m[0m revoke_rules_on_delete = false
      [32m+[0m[0m tags_all               = (known after apply)
      [32m+[0m[0m vpc_id                 = (known after apply)
    }

[1m  # module.Bastion.aws_vpc_security_group_egress_rule.SG_Bastion_egress1[0m will be created
[0m  [32m+[0m[0m resource "aws_vpc_security_group_egress_rule" "SG_Bastion_egress1" {
      [32m+[0m[0m arn                    = (known after apply)
      [32m+[0m[0m cidr_ipv4              = "0.0.0.0/0"
      [32m+[0m[0m from_port              = 443
      [32m+[0m[0m id                     = (known after apply)
      [32m+[0m[0m ip_protocol            = "tcp"
      [32m+[0m[0m security_group_id      = (known after apply)
      [32m+[0m[0m security_group_rule_id = (known after apply)
      [32m+[0m[0m tags_all               = {}
      [32m+[0m[0m to_port                = 443
    }

[1m  # module.Bastion.aws_vpc_security_group_egress_rule.SG_Bastion_egress2[0m will be created
[0m  [32m+[0m[0m resource "aws_vpc_security_group_egress_rule" "SG_Bastion_egress2" {
      [32m+[0m[0m arn                    = (known after apply)
      [32m+[0m[0m cidr_ipv4              = "172.31.0.0/16"
      [32m+[0m[0m id                     = (known after apply)
      [32m+[0m[0m ip_protocol            = "-1"
      [32m+[0m[0m security_group_id      = (known after apply)
      [32m+[0m[0m security_group_rule_id = (known after apply)
      [32m+[0m[0m tags_all               = {}
    }

[1m  # module.Bastion.aws_vpc_security_group_ingress_rule.SG_Bastion_ingress1[0m will be created
[0m  [32m+[0m[0m resource "aws_vpc_security_group_ingress_rule" "SG_Bastion_ingress1" {
      [32m+[0m[0m arn                    = (known after apply)
      [32m+[0m[0m cidr_ipv4              = "0.0.0.0/0"
      [32m+[0m[0m from_port              = 22
      [32m+[0m[0m id                     = (known after apply)
      [32m+[0m[0m ip_protocol            = "tcp"
      [32m+[0m[0m security_group_id      = (known after apply)
      [32m+[0m[0m security_group_rule_id = (known after apply)
      [32m+[0m[0m tags_all               = {}
      [32m+[0m[0m to_port                = 22
    }

[1mPlan:[0m 5 to add, 0 to change, 0 to destroy.
[0m[0m[1mmodule.Bastion.aws_security_group.SG_bastion: Creating...[0m[0m
[0m[1mmodule.Bastion.aws_security_group.SG_bastion: Creation complete after 2s [id=sg-0f67209e0ee72381c][0m
[0m[1mmodule.Bastion.aws_vpc_security_group_ingress_rule.SG_Bastion_ingress1: Creating...[0m[0m
[0m[1mmodule.Bastion.aws_vpc_security_group_egress_rule.SG_Bastion_egress2: Creating...[0m[0m
[0m[1mmodule.Bastion.aws_instance.bastion: Creating...[0m[0m
[0m[1mmodule.Bastion.aws_vpc_security_group_egress_rule.SG_Bastion_egress1: Creating...[0m[0m
[0m[1mmodule.Bastion.aws_vpc_security_group_ingress_rule.SG_Bastion_ingress1: Creation complete after 1s [id=sgr-002df47c565cdb732][0m
[0m[1mmodule.Bastion.aws_vpc_security_group_egress_rule.SG_Bastion_egress1: Creation complete after 1s [id=sgr-020dc003342fb3d57][0m
[0m[1mmodule.Bastion.aws_vpc_security_group_egress_rule.SG_Bastion_egress2: Creation complete after 1s [id=sgr-01c77608acb944426][0m
[0m[1mmodule.Bastion.aws_instance.bastion: Still creating... [10s elapsed][0m[0m
[0m[1mmodule.Bastion.aws_instance.bastion: Creation complete after 14s [id=i-0a012624bf634271a][0m
[0m[1m[32m
Apply complete! Resources: 5 added, 0 changed, 0 destroyed.
[0m